
Microsoft Visual Studio Solution File, Format Version 12.00
# Visual Studio Version 17
VisualStudioVersion = 17.14.36301.6
MinimumVisualStudioVersion = 10.0.40219.1
Project("{2150E333-8FDC-42A3-9474-1A3956D46DE8}") = "src", "src", "{02EA681E-C7D8-13C7-8484-4AC65E1B71E8}"
EndProject
Project("{2150E333-8FDC-42A3-9474-1A3956D46DE8}") = "01.Domain", "01.Domain", "{5E824A8F-DD73-4039-95CB-CD582CB4FCC4}"
EndProject
Project("{2150E333-8FDC-42A3-9474-1A3956D46DE8}") = "02.Infrastructure", "02.Infrastructure", "{714F3685-74B7-4DB8-9F5C-05E0F1E34614}"
EndProject
Project("{2150E333-8FDC-42A3-9474-1A3956D46DE8}") = "03.EndPoint", "03.EndPoint", "{0861E117-81B2-4A41-9055-811F852E2001}"
EndProject
Project("{2150E333-8FDC-42A3-9474-1A3956D46DE8}") = "Core", "Core", "{767178E3-5636-4EC3-8ED5-4071FE1E6B89}"
EndProject
Project("{2150E333-8FDC-42A3-9474-1A3956D46DE8}") = "Services", "Services", "{1603B6E5-2C59-4228-9EE0-713B8451D912}"
EndProject
Project("{2150E333-8FDC-42A3-9474-1A3956D46DE8}") = "DataAcccess", "DataAcccess", "{93571DEC-4773-46A4-A3F2-43490F7828B6}"
EndProject
Project("{2150E333-8FDC-42A3-9474-1A3956D46DE8}") = "Db", "Db", "{F2CD31C4-B407-4172-981B-D6872454A04D}"
EndProject
Project("{FAE04EC0-301F-11D3-BF4B-00C04F79EFBC}") = "Hw19", "src\Hw19\Hw19.csproj", "{6DE05BE2-792C-4B6C-9ECE-28A16F3DCD2B}"
EndProject
Project("{FAE04EC0-301F-11D3-BF4B-00C04F79EFBC}") = "App.Domain.Core", "src\App.Domain.Core\App.Domain.Core.csproj", "{02F5F122-9E22-4C98-9AE1-303C4FA73AD3}"
EndProject
Project("{FAE04EC0-301F-11D3-BF4B-00C04F79EFBC}") = "App.Domain.AppServices", "src\App.Domain.AppServices\App.Domain.AppServices.csproj", "{EF63E9D3-E1E2-4BFB-829D-1475E74A44CA}"
EndProject
Project("{FAE04EC0-301F-11D3-BF4B-00C04F79EFBC}") = "App.Domain.Services", "src\App.Domain.Services\App.Domain.Services.csproj", "{E494E578-8170-4734-8CB2-7C2780BD1644}"
EndProject
Project("{FAE04EC0-301F-11D3-BF4B-00C04F79EFBC}") = "App.Infra.Data.Repo.Ef", "src\App.Infra.Data.Repo.Ef\App.Infra.Data.Repo.Ef.csproj", "{5FADAAA3-2DB9-48E6-ADB0-CC69978167CD}"
EndProject
Project("{FAE04EC0-301F-11D3-BF4B-00C04F79EFBC}") = "App.Infra.Db.SqlServer", "src\App.Infra.Db.SqlServer\App.Infra.Db.SqlServer.csproj", "{DA9A2CAA-97A9-4784-B146-74AC0BAC7A9A}"
EndProject
Global
	GlobalSection(SolutionConfigurationPlatforms) = preSolution
		Debug|Any CPU = Debug|Any CPU
		Release|Any CPU = Release|Any CPU
	EndGlobalSection
	GlobalSection(ProjectConfigurationPlatforms) = postSolution
		{6DE05BE2-792C-4B6C-9ECE-28A16F3DCD2B}.Debug|Any CPU.ActiveCfg = Debug|Any CPU
		{6DE05BE2-792C-4B6C-9ECE-28A16F3DCD2B}.Debug|Any CPU.Build.0 = Debug|Any CPU
		{6DE05BE2-792C-4B6C-9ECE-28A16F3DCD2B}.Release|Any CPU.ActiveCfg = Release|Any CPU
		{6DE05BE2-792C-4B6C-9ECE-28A16F3DCD2B}.Release|Any CPU.Build.0 = Release|Any CPU
		{02F5F122-9E22-4C98-9AE1-303C4FA73AD3}.Debug|Any CPU.ActiveCfg = Debug|Any CPU
		{02F5F122-9E22-4C98-9AE1-303C4FA73AD3}.Debug|Any CPU.Build.0 = Debug|Any CPU
		{02F5F122-9E22-4C98-9AE1-303C4FA73AD3}.Release|Any CPU.ActiveCfg = Release|Any CPU
		{02F5F122-9E22-4C98-9AE1-303C4FA73AD3}.Release|Any CPU.Build.0 = Release|Any CPU
		{EF63E9D3-E1E2-4BFB-829D-1475E74A44CA}.Debug|Any CPU.ActiveCfg = Debug|Any CPU
		{EF63E9D3-E1E2-4BFB-829D-1475E74A44CA}.Debug|Any CPU.Build.0 = Debug|Any CPU
		{EF63E9D3-E1E2-4BFB-829D-1475E74A44CA}.Release|Any CPU.ActiveCfg = Release|Any CPU
		{EF63E9D3-E1E2-4BFB-829D-1475E74A44CA}.Release|Any CPU.Build.0 = Release|Any CPU
		{E494E578-8170-4734-8CB2-7C2780BD1644}.Debug|Any CPU.ActiveCfg = Debug|Any CPU
		{E494E578-8170-4734-8CB2-7C2780BD1644}.Debug|Any CPU.Build.0 = Debug|Any CPU
		{E494E578-8170-4734-8CB2-7C2780BD1644}.Release|Any CPU.ActiveCfg = Release|Any CPU
		{E494E578-8170-4734-8CB2-7C2780BD1644}.Release|Any CPU.Build.0 = Release|Any CPU
		{5FADAAA3-2DB9-48E6-ADB0-CC69978167CD}.Debug|Any CPU.ActiveCfg = Debug|Any CPU
		{5FADAAA3-2DB9-48E6-ADB0-CC69978167CD}.Debug|Any CPU.Build.0 = Debug|Any CPU
		{5FADAAA3-2DB9-48E6-ADB0-CC69978167CD}.Release|Any CPU.ActiveCfg = Release|Any CPU
		{5FADAAA3-2DB9-48E6-ADB0-CC69978167CD}.Release|Any CPU.Build.0 = Release|Any CPU
		{DA9A2CAA-97A9-4784-B146-74AC0BAC7A9A}.Debug|Any CPU.ActiveCfg = Debug|Any CPU
		{DA9A2CAA-97A9-4784-B146-74AC0BAC7A9A}.Debug|Any CPU.Build.0 = Debug|Any CPU
		{DA9A2CAA-97A9-4784-B146-74AC0BAC7A9A}.Release|Any CPU.ActiveCfg = Release|Any CPU
		{DA9A2CAA-97A9-4784-B146-74AC0BAC7A9A}.Release|Any CPU.Build.0 = Release|Any CPU
	EndGlobalSection
	GlobalSection(SolutionProperties) = preSolution
		HideSolutionNode = FALSE
	EndGlobalSection
	GlobalSection(NestedProjects) = preSolution
		{5E824A8F-DD73-4039-95CB-CD582CB4FCC4} = {02EA681E-C7D8-13C7-8484-4AC65E1B71E8}
		{714F3685-74B7-4DB8-9F5C-05E0F1E34614} = {02EA681E-C7D8-13C7-8484-4AC65E1B71E8}
		{0861E117-81B2-4A41-9055-811F852E2001} = {02EA681E-C7D8-13C7-8484-4AC65E1B71E8}
		{767178E3-5636-4EC3-8ED5-4071FE1E6B89} = {5E824A8F-DD73-4039-95CB-CD582CB4FCC4}
		{1603B6E5-2C59-4228-9EE0-713B8451D912} = {5E824A8F-DD73-4039-95CB-CD582CB4FCC4}
		{93571DEC-4773-46A4-A3F2-43490F7828B6} = {714F3685-74B7-4DB8-9F5C-05E0F1E34614}
		{F2CD31C4-B407-4172-981B-D6872454A04D} = {714F3685-74B7-4DB8-9F5C-05E0F1E34614}
		{6DE05BE2-792C-4B6C-9ECE-28A16F3DCD2B} = {0861E117-81B2-4A41-9055-811F852E2001}
		{02F5F122-9E22-4C98-9AE1-303C4FA73AD3} = {767178E3-5636-4EC3-8ED5-4071FE1E6B89}
		{EF63E9D3-E1E2-4BFB-829D-1475E74A44CA} = {1603B6E5-2C59-4228-9EE0-713B8451D912}
		{E494E578-8170-4734-8CB2-7C2780BD1644} = {1603B6E5-2C59-4228-9EE0-713B8451D912}
		{5FADAAA3-2DB9-48E6-ADB0-CC69978167CD} = {93571DEC-4773-46A4-A3F2-43490F7828B6}
		{DA9A2CAA-97A9-4784-B146-74AC0BAC7A9A} = {F2CD31C4-B407-4172-981B-D6872454A04D}
	EndGlobalSection
	GlobalSection(ExtensibilityGlobals) = postSolution
		SolutionGuid = {D6120816-E6A7-473F-8C65-C2DA6B8F44B1}
	EndGlobalSection
EndGlobal
